
Microsoft Visual Studio Solution File, Format Version 12.00
# Visual Studio Version 17
VisualStudioVersion = 17.7.34009.444
MinimumVisualStudioVersion = 10.0.40219.1
Project("{FAE04EC0-301F-11D3-BF4B-00C04F79EFBC}") = "ClinicSystem(ConsoleApp)", "ClinicSystem(ConsoleApp).csproj", "{FADFCBEE-8A1E-4B49-920C-8135D71888DF}"
EndProject
Project("{FAE04EC0-301F-11D3-BF4B-00C04F79EFBC}") = "ClinicSystem(DataAccessLayer)", "..\ClinicSystem(DataAccessLayer)\ClinicSystem(DataAccessLayer).csproj", "{01AB251C-9F72-4A51-99FA-3BC7564D38BB}"
EndProject
Project("{FAE04EC0-301F-11D3-BF4B-00C04F79EFBC}") = "ClinicSystem(BusinessLayer)", "..\ClinicSystem(BusinessLayer)\ClinicSystem(BusinessLayer).csproj", "{270FD640-B84C-4C55-837A-55E0F1FBF2AF}"
EndProject
Global
	GlobalSection(SolutionConfigurationPlatforms) = preSolution
		Debug|Any CPU = Debug|Any CPU
		Release|Any CPU = Release|Any CPU
	EndGlobalSection
	GlobalSection(ProjectConfigurationPlatforms) = postSolution
		{FADFCBEE-8A1E-4B49-920C-8135D71888DF}.Debug|Any CPU.ActiveCfg = Debug|Any CPU
		{FADFCBEE-8A1E-4B49-920C-8135D71888DF}.Debug|Any CPU.Build.0 = Debug|Any CPU
		{FADFCBEE-8A1E-4B49-920C-8135D71888DF}.Release|Any CPU.ActiveCfg = Release|Any CPU
		{FADFCBEE-8A1E-4B49-920C-8135D71888DF}.Release|Any CPU.Build.0 = Release|Any CPU
		{01AB251C-9F72-4A51-99FA-3BC7564D38BB}.Debug|Any CPU.ActiveCfg = Debug|Any CPU
		{01AB251C-9F72-4A51-99FA-3BC7564D38BB}.Debug|Any CPU.Build.0 = Debug|Any CPU
		{01AB251C-9F72-4A51-99FA-3BC7564D38BB}.Release|Any CPU.ActiveCfg = Release|Any CPU
		{01AB251C-9F72-4A51-99FA-3BC7564D38BB}.Release|Any CPU.Build.0 = Release|Any CPU
		{270FD640-B84C-4C55-837A-55E0F1FBF2AF}.Debug|Any CPU.ActiveCfg = Debug|Any CPU
		{270FD640-B84C-4C55-837A-55E0F1FBF2AF}.Debug|Any CPU.Build.0 = Debug|Any CPU
		{270FD640-B84C-4C55-837A-55E0F1FBF2AF}.Release|Any CPU.ActiveCfg = Release|Any CPU
		{270FD640-B84C-4C55-837A-55E0F1FBF2AF}.Release|Any CPU.Build.0 = Release|Any CPU
	EndGlobalSection
	GlobalSection(SolutionProperties) = preSolution
		HideSolutionNode = FALSE
	EndGlobalSection
	GlobalSection(ExtensibilityGlobals) = postSolution
		SolutionGuid = {E93B1FDD-E777-44B8-9306-F4FE29F7FAAC}
	EndGlobalSection
EndGlobal
